
Microsoft Visual Studio Solution File, Format Version 12.00
# Visual Studio Version 17
VisualStudioVersion = 17.7.34031.279
MinimumVisualStudioVersion = 10.0.40219.1
Project("{8BC9CEB8-8B4A-11D0-8D11-00A0C91BC942}") = "Project1", "Project1.vcxproj", "{1F0CC1AB-253A-4F45-9681-731721B574CF}"
EndProject
Project("{8BC9CEB8-8B4A-11D0-8D11-00A0C91BC942}") = "Project2", "..\Project2\Project2.vcxproj", "{61DEC0BD-B025-4F37-9729-AFEE644EAF1E}"
EndProject
Project("{8BC9CEB8-8B4A-11D0-8D11-00A0C91BC942}") = "Project3", "..\Project3\Project3.vcxproj", "{95CBAFDC-8267-48F9-9CA7-E0821C15E913}"
EndProject
Project("{8BC9CEB8-8B4A-11D0-8D11-00A0C91BC942}") = "Project4", "..\Project4\Project4.vcxproj", "{9130952C-EFAC-4D25-854E-70D3124BDD3E}"
EndProject
Project("{8BC9CEB8-8B4A-11D0-8D11-00A0C91BC942}") = "Project5", "..\Project5\Project5.vcxproj", "{3C39E9DA-5C0B-4E7B-89AC-0D40A617CD2C}"
EndProject
Project("{8BC9CEB8-8B4A-11D0-8D11-00A0C91BC942}") = "Project6", "..\Project6\Project6.vcxproj", "{9CAF142A-3B78-49E0-A815-B2F833B957A9}"
EndProject
Project("{8BC9CEB8-8B4A-11D0-8D11-00A0C91BC942}") = "Project7", "..\Project7\Project7.vcxproj", "{B16C92FA-8E86-454A-8CED-4F9D9D425E36}"
EndProject
Global
	GlobalSection(SolutionConfigurationPlatforms) = preSolution
		Debug|x64 = Debug|x64
		Debug|x86 = Debug|x86
		Release|x64 = Release|x64
		Release|x86 = Release|x86
	EndGlobalSection
	GlobalSection(ProjectConfigurationPlatforms) = postSolution
		{1F0CC1AB-253A-4F45-9681-731721B574CF}.Debug|x64.ActiveCfg = Debug|x64
		{1F0CC1AB-253A-4F45-9681-731721B574CF}.Debug|x64.Build.0 = Debug|x64
		{1F0CC1AB-253A-4F45-9681-731721B574CF}.Debug|x86.ActiveCfg = Debug|Win32
		{1F0CC1AB-253A-4F45-9681-731721B574CF}.Debug|x86.Build.0 = Debug|Win32
		{1F0CC1AB-253A-4F45-9681-731721B574CF}.Release|x64.ActiveCfg = Release|x64
		{1F0CC1AB-253A-4F45-9681-731721B574CF}.Release|x64.Build.0 = Release|x64
		{1F0CC1AB-253A-4F45-9681-731721B574CF}.Release|x86.ActiveCfg = Release|Win32
		{1F0CC1AB-253A-4F45-9681-731721B574CF}.Release|x86.Build.0 = Release|Win32
		{61DEC0BD-B025-4F37-9729-AFEE644EAF1E}.Debug|x64.ActiveCfg = Debug|x64
		{61DEC0BD-B025-4F37-9729-AFEE644EAF1E}.Debug|x64.Build.0 = Debug|x64
		{61DEC0BD-B025-4F37-9729-AFEE644EAF1E}.Debug|x86.ActiveCfg = Debug|Win32
		{61DEC0BD-B025-4F37-9729-AFEE644EAF1E}.Debug|x86.Build.0 = Debug|Win32
		{61DEC0BD-B025-4F37-9729-AFEE644EAF1E}.Release|x64.ActiveCfg = Release|x64
		{61DEC0BD-B025-4F37-9729-AFEE644EAF1E}.Release|x64.Build.0 = Release|x64
		{61DEC0BD-B025-4F37-9729-AFEE644EAF1E}.Release|x86.ActiveCfg = Release|Win32
		{61DEC0BD-B025-4F37-9729-AFEE644EAF1E}.Release|x86.Build.0 = Release|Win32
		{95CBAFDC-8267-48F9-9CA7-E0821C15E913}.Debug|x64.ActiveCfg = Debug|x64
		{95CBAFDC-8267-48F9-9CA7-E0821C15E913}.Debug|x64.Build.0 = Debug|x64
		{95CBAFDC-8267-48F9-9CA7-E0821C15E913}.Debug|x86.ActiveCfg = Debug|Win32
		{95CBAFDC-8267-48F9-9CA7-E0821C15E913}.Debug|x86.Build.0 = Debug|Win32
		{95CBAFDC-8267-48F9-9CA7-E0821C15E913}.Release|x64.ActiveCfg = Release|x64
		{95CBAFDC-8267-48F9-9CA7-E0821C15E913}.Release|x64.Build.0 = Release|x64
		{95CBAFDC-8267-48F9-9CA7-E0821C15E913}.Release|x86.ActiveCfg = Release|Win32
		{95CBAFDC-8267-48F9-9CA7-E0821C15E913}.Release|x86.Build.0 = Release|Win32
		{9130952C-EFAC-4D25-854E-70D3124BDD3E}.Debug|x64.ActiveCfg = Debug|x64
		{9130952C-EFAC-4D25-854E-70D3124BDD3E}.Debug|x64.Build.0 = Debug|x64
		{9130952C-EFAC-4D25-854E-70D3124BDD3E}.Debug|x86.ActiveCfg = Debug|Win32
		{9130952C-EFAC-4D25-854E-70D3124BDD3E}.Debug|x86.Build.0 = Debug|Win32
		{9130952C-EFAC-4D25-854E-70D3124BDD3E}.Release|x64.ActiveCfg = Release|x64
		{9130952C-EFAC-4D25-854E-70D3124BDD3E}.Release|x64.Build.0 = Release|x64
		{9130952C-EFAC-4D25-854E-70D3124BDD3E}.Release|x86.ActiveCfg = Release|Win32
		{9130952C-EFAC-4D25-854E-70D3124BDD3E}.Release|x86.Build.0 = Release|Win32
		{3C39E9DA-5C0B-4E7B-89AC-0D40A617CD2C}.Debug|x64.ActiveCfg = Debug|x64
		{3C39E9DA-5C0B-4E7B-89AC-0D40A617CD2C}.Debug|x64.Build.0 = Debug|x64
		{3C39E9DA-5C0B-4E7B-89AC-0D40A617CD2C}.Debug|x86.ActiveCfg = Debug|Win32
		{3C39E9DA-5C0B-4E7B-89AC-0D40A617CD2C}.Debug|x86.Build.0 = Debug|Win32
		{3C39E9DA-5C0B-4E7B-89AC-0D40A617CD2C}.Release|x64.ActiveCfg = Release|x64
		{3C39E9DA-5C0B-4E7B-89AC-0D40A617CD2C}.Release|x64.Build.0 = Release|x64
		{3C39E9DA-5C0B-4E7B-89AC-0D40A617CD2C}.Release|x86.ActiveCfg = Release|Win32
		{3C39E9DA-5C0B-4E7B-89AC-0D40A617CD2C}.Release|x86.Build.0 = Release|Win32
		{9CAF142A-3B78-49E0-A815-B2F833B957A9}.Debug|x64.ActiveCfg = Debug|x64
		{9CAF142A-3B78-49E0-A815-B2F833B957A9}.Debug|x64.Build.0 = Debug|x64
		{9CAF142A-3B78-49E0-A815-B2F833B957A9}.Debug|x86.ActiveCfg = Debug|Win32
		{9CAF142A-3B78-49E0-A815-B2F833B957A9}.Debug|x86.Build.0 = Debug|Win32
		{9CAF142A-3B78-49E0-A815-B2F833B957A9}.Release|x64.ActiveCfg = Release|x64
		{9CAF142A-3B78-49E0-A815-B2F833B957A9}.Release|x64.Build.0 = Release|x64
		{9CAF142A-3B78-49E0-A815-B2F833B957A9}.Release|x86.ActiveCfg = Release|Win32
		{9CAF142A-3B78-49E0-A815-B2F833B957A9}.Release|x86.Build.0 = Release|Win32
		{B16C92FA-8E86-454A-8CED-4F9D9D425E36}.Debug|x64.ActiveCfg = Debug|x64
		{B16C92FA-8E86-454A-8CED-4F9D9D425E36}.Debug|x64.Build.0 = Debug|x64
		{B16C92FA-8E86-454A-8CED-4F9D9D425E36}.Debug|x86.ActiveCfg = Debug|Win32
		{B16C92FA-8E86-454A-8CED-4F9D9D425E36}.Debug|x86.Build.0 = Debug|Win32
		{B16C92FA-8E86-454A-8CED-4F9D9D425E36}.Release|x64.ActiveCfg = Release|x64
		{B16C92FA-8E86-454A-8CED-4F9D9D425E36}.Release|x64.Build.0 = Release|x64
		{B16C92FA-8E86-454A-8CED-4F9D9D425E36}.Release|x86.ActiveCfg = Release|Win32
		{B16C92FA-8E86-454A-8CED-4F9D9D425E36}.Release|x86.Build.0 = Release|Win32
	EndGlobalSection
	GlobalSection(SolutionProperties) = preSolution
		HideSolutionNode = FALSE
	EndGlobalSection
	GlobalSection(ExtensibilityGlobals) = postSolution
		SolutionGuid = {9557EF06-1759-4BB3-A86F-B0D9B058C136}
	EndGlobalSection
EndGlobal
